// !$*UTF8*$!
{
	archiveVersion = 1;
	classes = {
	};
	objectVersion = 46;
	objects = {

/* Begin PBXBuildFile section */
		879913F21D8A06120017E09D /* StepStat.swift in Sources */ = {isa = PBXBuildFile; fileRef = 879913F11D8A06120017E09D /* StepStat.swift */; };
		879913F81D8A07CF0017E09D /* FitbitAPI.swift in Sources */ = {isa = PBXBuildFile; fileRef = 879913F71D8A07CF0017E09D /* FitbitAPI.swift */; };
		87CB65E11D8A251F00BA8B76 /* StepViewController.swift in Sources */ = {isa = PBXBuildFile; fileRef = 87CB65E01D8A251F00BA8B76 /* StepViewController.swift */; };
		87DF446A1D8A15980032D641 /* String+Dates.swift in Sources */ = {isa = PBXBuildFile; fileRef = 87DF44691D8A15980032D641 /* String+Dates.swift */; };
		87DF446D1D8A15FC0032D641 /* StepsStatTests.swift in Sources */ = {isa = PBXBuildFile; fileRef = 87DF446C1D8A15FC0032D641 /* StepsStatTests.swift */; };
		9D4284EF1D89FCD4000E4C55 /* AppDelegate.swift in Sources */ = {isa = PBXBuildFile; fileRef = 9D4284EE1D89FCD4000E4C55 /* AppDelegate.swift */; };
		9D4284F11D89FCD4000E4C55 /* LoginViewController.swift in Sources */ = {isa = PBXBuildFile; fileRef = 9D4284F01D89FCD4000E4C55 /* LoginViewController.swift */; };
		9D4284F41D89FCD4000E4C55 /* Main.storyboard in Resources */ = {isa = PBXBuildFile; fileRef = 9D4284F21D89FCD4000E4C55 /* Main.storyboard */; };
		9D4284F91D89FCD4000E4C55 /* Assets.xcassets in Resources */ = {isa = PBXBuildFile; fileRef = 9D4284F81D89FCD4000E4C55 /* Assets.xcassets */; };
		9D4284FC1D89FCD4000E4C55 /* LaunchScreen.storyboard in Resources */ = {isa = PBXBuildFile; fileRef = 9D4284FA1D89FCD4000E4C55 /* LaunchScreen.storyboard */; };
		9D4285071D89FCD4000E4C55 /* SampleBitTests.swift in Sources */ = {isa = PBXBuildFile; fileRef = 9D4285061D89FCD4000E4C55 /* SampleBitTests.swift */; };
		9D4285141D8A0570000E4C55 /* AuthenticationController.swift in Sources */ = {isa = PBXBuildFile; fileRef = 9D4285131D8A0570000E4C55 /* AuthenticationController.swift */; };
		9D4285161D8A10BE000E4C55 /* Notifications.swift in Sources */ = {isa = PBXBuildFile; fileRef = 9D4285151D8A10BE000E4C55 /* Notifications.swift */; };
/* End PBXBuildFile section */

/* Begin PBXContainerItemProxy section */
		9D4285031D89FCD4000E4C55 /* PBXContainerItemProxy */ = {
			isa = PBXContainerItemProxy;
			containerPortal = 9D4284E31D89FCD4000E4C55 /* Project object */;
			proxyType = 1;
			remoteGlobalIDString = 9D4284EA1D89FCD4000E4C55;
			remoteInfo = SampleBit;
		};
/* End PBXContainerItemProxy section */

/* Begin PBXFileReference section */
		879913F11D8A06120017E09D /* StepStat.swift */ = {isa = PBXFileReference; fileEncoding = 4; lastKnownFileType = sourcecode.swift; path = StepStat.swift; sourceTree = "<group>"; };
		879913F71D8A07CF0017E09D /* FitbitAPI.swift */ = {isa = PBXFileReference; fileEncoding = 4; lastKnownFileType = sourcecode.swift; path = FitbitAPI.swift; sourceTree = "<group>"; };
		87CB65E01D8A251F00BA8B76 /* StepViewController.swift */ = {isa = PBXFileReference; fileEncoding = 4; lastKnownFileType = sourcecode.swift; path = StepViewController.swift; sourceTree = "<group>"; };
		87DF44691D8A15980032D641 /* String+Dates.swift */ = {isa = PBXFileReference; fileEncoding = 4; lastKnownFileType = sourcecode.swift; path = "String+Dates.swift"; sourceTree = "<group>"; };
		87DF446C1D8A15FC0032D641 /* StepsStatTests.swift */ = {isa = PBXFileReference; fileEncoding = 4; lastKnownFileType = sourcecode.swift; path = StepsStatTests.swift; sourceTree = "<group>"; };
		9D4284EB1D89FCD4000E4C55 /* SampleBit.app */ = {isa = PBXFileReference; explicitFileType = wrapper.application; includeInIndex = 0; path = SampleBit.app; sourceTree = BUILT_PRODUCTS_DIR; };
		9D4284EE1D89FCD4000E4C55 /* AppDelegate.swift */ = {isa = PBXFileReference; lastKnownFileType = sourcecode.swift; path = AppDelegate.swift; sourceTree = "<group>"; };
		9D4284F01D89FCD4000E4C55 /* LoginViewController.swift */ = {isa = PBXFileReference; lastKnownFileType = sourcecode.swift; path = LoginViewController.swift; sourceTree = "<group>"; };
		9D4284F31D89FCD4000E4C55 /* Base */ = {isa = PBXFileReference; lastKnownFileType = file.storyboard; name = Base; path = Base.lproj/Main.storyboard; sourceTree = "<group>"; };
		9D4284F81D89FCD4000E4C55 /* Assets.xcassets */ = {isa = PBXFileReference; lastKnownFileType = folder.assetcatalog; path = Assets.xcassets; sourceTree = "<group>"; };
		9D4284FB1D89FCD4000E4C55 /* Base */ = {isa = PBXFileReference; lastKnownFileType = file.storyboard; name = Base; path = Base.lproj/LaunchScreen.storyboard; sourceTree = "<group>"; };
		9D4284FD1D89FCD4000E4C55 /* Info.plist */ = {isa = PBXFileReference; lastKnownFileType = text.plist.xml; path = Info.plist; sourceTree = "<group>"; };
		9D4285021D89FCD4000E4C55 /* SampleBitTests.xctest */ = {isa = PBXFileReference; explicitFileType = wrapper.cfbundle; includeInIndex = 0; path = SampleBitTests.xctest; sourceTree = BUILT_PRODUCTS_DIR; };
		9D4285061D89FCD4000E4C55 /* SampleBitTests.swift */ = {isa = PBXFileReference; lastKnownFileType = sourcecode.swift; path = SampleBitTests.swift; sourceTree = "<group>"; };
		9D4285081D89FCD4000E4C55 /* Info.plist */ = {isa = PBXFileReference; lastKnownFileType = text.plist.xml; path = Info.plist; sourceTree = "<group>"; };
		9D4285131D8A0570000E4C55 /* AuthenticationController.swift */ = {isa = PBXFileReference; fileEncoding = 4; lastKnownFileType = sourcecode.swift; name = AuthenticationController.swift; path = Authentication/AuthenticationController.swift; sourceTree = "<group>"; };
		9D4285151D8A10BE000E4C55 /* Notifications.swift */ = {isa = PBXFileReference; fileEncoding = 4; lastKnownFileType = sourcecode.swift; name = Notifications.swift; path = Authentication/Notifications.swift; sourceTree = "<group>"; };
/* End PBXFileReference section */

/* Begin PBXFrameworksBuildPhase section */
		9D4284E81D89FCD4000E4C55 /* Frameworks */ = {
			isa = PBXFrameworksBuildPhase;
			buildActionMask = 2147483647;
			files = (
			);
			runOnlyForDeploymentPostprocessing = 0;
		};
		9D4284FF1D89FCD4000E4C55 /* Frameworks */ = {
			isa = PBXFrameworksBuildPhase;
			buildActionMask = 2147483647;
			files = (
			);
			runOnlyForDeploymentPostprocessing = 0;
		};
/* End PBXFrameworksBuildPhase section */

/* Begin PBXGroup section */
		879913F31D8A06B90017E09D /* Data */ = {
			isa = PBXGroup;
			children = (
				879913F11D8A06120017E09D /* StepStat.swift */,
				87CB65E01D8A251F00BA8B76 /* StepViewController.swift */,
			);
			name = Data;
			sourceTree = "<group>";
		};
		879913F61D8A07AB0017E09D /* Network */ = {
			isa = PBXGroup;
			children = (
				879913F71D8A07CF0017E09D /* FitbitAPI.swift */,
			);
			name = Network;
			sourceTree = "<group>";
		};
		87DF44681D8A156E0032D641 /* Utilities */ = {
			isa = PBXGroup;
			children = (
				87DF44691D8A15980032D641 /* String+Dates.swift */,
			);
			name = Utilities;
			sourceTree = "<group>";
		};
		87DF446B1D8A15E80032D641 /* Data */ = {
			isa = PBXGroup;
			children = (
				87DF446C1D8A15FC0032D641 /* StepsStatTests.swift */,
			);
			name = Data;
			sourceTree = "<group>";
		};
		9D4284E21D89FCD4000E4C55 = {
			isa = PBXGroup;
			children = (
				9D4284ED1D89FCD4000E4C55 /* SampleBit */,
				9D4285051D89FCD4000E4C55 /* SampleBitTests */,
				9D4284EC1D89FCD4000E4C55 /* Products */,
			);
			sourceTree = "<group>";
		};
		9D4284EC1D89FCD4000E4C55 /* Products */ = {
			isa = PBXGroup;
			children = (
				9D4284EB1D89FCD4000E4C55 /* SampleBit.app */,
				9D4285021D89FCD4000E4C55 /* SampleBitTests.xctest */,
			);
			name = Products;
			sourceTree = "<group>";
		};
		9D4284ED1D89FCD4000E4C55 /* SampleBit */ = {
			isa = PBXGroup;
			children = (
				879913F61D8A07AB0017E09D /* Network */,
				879913F31D8A06B90017E09D /* Data */,
				9D4285111D89FD5A000E4C55 /* Application */,
				9D4285121D89FD68000E4C55 /* Login */,
				87DF44681D8A156E0032D641 /* Utilities */,
				9D4284F21D89FCD4000E4C55 /* Main.storyboard */,
				9D4284FA1D89FCD4000E4C55 /* LaunchScreen.storyboard */,
				9D4284F81D89FCD4000E4C55 /* Assets.xcassets */,
				9D4284FD1D89FCD4000E4C55 /* Info.plist */,
			);
			path = SampleBit;
			sourceTree = "<group>";
		};
		9D4285051D89FCD4000E4C55 /* SampleBitTests */ = {
			isa = PBXGroup;
			children = (
				87DF446B1D8A15E80032D641 /* Data */,
				9D4285061D89FCD4000E4C55 /* SampleBitTests.swift */,
				9D4285081D89FCD4000E4C55 /* Info.plist */,
			);
			path = SampleBitTests;
			sourceTree = "<group>";
		};
		9D4285111D89FD5A000E4C55 /* Application */ = {
			isa = PBXGroup;
			children = (
				9D4284EE1D89FCD4000E4C55 /* AppDelegate.swift */,
				9D4285151D8A10BE000E4C55 /* Notifications.swift */,
			);
			name = Application;
			sourceTree = "<group>";
		};
		9D4285121D89FD68000E4C55 /* Login */ = {
			isa = PBXGroup;
			children = (
				9D4284F01D89FCD4000E4C55 /* LoginViewController.swift */,
				9D4285131D8A0570000E4C55 /* AuthenticationController.swift */,
			);
			name = Login;
			sourceTree = "<group>";
		};
/* End PBXGroup section */

/* Begin PBXNativeTarget section */
		9D4284EA1D89FCD4000E4C55 /* SampleBit */ = {
			isa = PBXNativeTarget;
			buildConfigurationList = 9D42850B1D89FCD4000E4C55 /* Build configuration list for PBXNativeTarget "SampleBit" */;
			buildPhases = (
				9D4284E71D89FCD4000E4C55 /* Sources */,
				9D4284E81D89FCD4000E4C55 /* Frameworks */,
				9D4284E91D89FCD4000E4C55 /* Resources */,
			);
			buildRules = (
			);
			dependencies = (
			);
			name = SampleBit;
			productName = SampleBit;
			productReference = 9D4284EB1D89FCD4000E4C55 /* SampleBit.app */;
			productType = "com.apple.product-type.application";
		};
		9D4285011D89FCD4000E4C55 /* SampleBitTests */ = {
			isa = PBXNativeTarget;
			buildConfigurationList = 9D42850E1D89FCD4000E4C55 /* Build configuration list for PBXNativeTarget "SampleBitTests" */;
			buildPhases = (
				9D4284FE1D89FCD4000E4C55 /* Sources */,
				9D4284FF1D89FCD4000E4C55 /* Frameworks */,
				9D4285001D89FCD4000E4C55 /* Resources */,
			);
			buildRules = (
			);
			dependencies = (
				9D4285041D89FCD4000E4C55 /* PBXTargetDependency */,
			);
			name = SampleBitTests;
			productName = SampleBitTests;
			productReference = 9D4285021D89FCD4000E4C55 /* SampleBitTests.xctest */;
			productType = "com.apple.product-type.bundle.unit-test";
		};
/* End PBXNativeTarget section */

/* Begin PBXProject section */
		9D4284E31D89FCD4000E4C55 /* Project object */ = {
			isa = PBXProject;
			attributes = {
				LastSwiftUpdateCheck = 0800;
				LastUpgradeCheck = 0800;
				ORGANIZATIONNAME = Fitbit;
				TargetAttributes = {
					9D4284EA1D89FCD4000E4C55 = {
						CreatedOnToolsVersion = 8.0;
						ProvisioningStyle = Automatic;
					};
					9D4285011D89FCD4000E4C55 = {
						CreatedOnToolsVersion = 8.0;
						ProvisioningStyle = Automatic;
						TestTargetID = 9D4284EA1D89FCD4000E4C55;
					};
				};
			};
			buildConfigurationList = 9D4284E61D89FCD4000E4C55 /* Build configuration list for PBXProject "SampleBit" */;
			compatibilityVersion = "Xcode 3.2";
			developmentRegion = English;
			hasScannedForEncodings = 0;
			knownRegions = (
				en,
				Base,
			);
			mainGroup = 9D4284E21D89FCD4000E4C55;
			productRefGroup = 9D4284EC1D89FCD4000E4C55 /* Products */;
			projectDirPath = "";
			projectRoot = "";
			targets = (
				9D4284EA1D89FCD4000E4C55 /* SampleBit */,
				9D4285011D89FCD4000E4C55 /* SampleBitTests */,
			);
		};
/* End PBXProject section */

/* Begin PBXResourcesBuildPhase section */
		9D4284E91D89FCD4000E4C55 /* Resources */ = {
			isa = PBXResourcesBuildPhase;
			buildActionMask = 2147483647;
			files = (
				9D4284FC1D89FCD4000E4C55 /* LaunchScreen.storyboard in Resources */,
				9D4284F91D89FCD4000E4C55 /* Assets.xcassets in Resources */,
				9D4284F41D89FCD4000E4C55 /* Main.storyboard in Resources */,
			);
			runOnlyForDeploymentPostprocessing = 0;
		};
		9D4285001D89FCD4000E4C55 /* Resources */ = {
			isa = PBXResourcesBuildPhase;
			buildActionMask = 2147483647;
			files = (
			);
			runOnlyForDeploymentPostprocessing = 0;
		};
/* End PBXResourcesBuildPhase section */

/* Begin PBXSourcesBuildPhase section */
		9D4284E71D89FCD4000E4C55 /* Sources */ = {
			isa = PBXSourcesBuildPhase;
			buildActionMask = 2147483647;
			files = (
				9D4285161D8A10BE000E4C55 /* Notifications.swift in Sources */,
				9D4285141D8A0570000E4C55 /* AuthenticationController.swift in Sources */,
				9D4284F11D89FCD4000E4C55 /* LoginViewController.swift in Sources */,
				879913F21D8A06120017E09D /* StepStat.swift in Sources */,
				879913F81D8A07CF0017E09D /* FitbitAPI.swift in Sources */,
				9D4284EF1D89FCD4000E4C55 /* AppDelegate.swift in Sources */,
				87CB65E11D8A251F00BA8B76 /* StepViewController.swift in Sources */,
				87DF446A1D8A15980032D641 /* String+Dates.swift in Sources */,
			);
			runOnlyForDeploymentPostprocessing = 0;
		};
		9D4284FE1D89FCD4000E4C55 /* Sources */ = {
			isa = PBXSourcesBuildPhase;
			buildActionMask = 2147483647;
			files = (
				9D4285071D89FCD4000E4C55 /* SampleBitTests.swift in Sources */,
				87DF446D1D8A15FC0032D641 /* StepsStatTests.swift in Sources */,
			);
			runOnlyForDeploymentPostprocessing = 0;
		};
/* End PBXSourcesBuildPhase section */

/* Begin PBXTargetDependency section */
		9D4285041D89FCD4000E4C55 /* PBXTargetDependency */ = {
			isa = PBXTargetDependency;
			target = 9D4284EA1D89FCD4000E4C55 /* SampleBit */;
			targetProxy = 9D4285031D89FCD4000E4C55 /* PBXContainerItemProxy */;
		};
/* End PBXTargetDependency section */

/* Begin PBXVariantGroup section */
		9D4284F21D89FCD4000E4C55 /* Main.storyboard */ = {
			isa = PBXVariantGroup;
			children = (
				9D4284F31D89FCD4000E4C55 /* Base */,
			);
			name = Main.storyboard;
			sourceTree = "<group>";
		};
		9D4284FA1D89FCD4000E4C55 /* LaunchScreen.storyboard */ = {
			isa = PBXVariantGroup;
			children = (
				9D4284FB1D89FCD4000E4C55 /* Base */,
			);
			name = LaunchScreen.storyboard;
			sourceTree = "<group>";
		};
/* End PBXVariantGroup section */

/* Begin XCBuildConfiguration section */
		9D4285091D89FCD4000E4C55 /* Debug */ = {
			isa = XCBuildConfiguration;
			buildSettings = {
				ALWAYS_SEARCH_USER_PATHS = NO;
				CLANG_ANALYZER_NONNULL = YES;
				CLANG_CXX_LANGUAGE_STANDARD = "gnu++0x";
				CLANG_CXX_LIBRARY = "libc++";
				CLANG_ENABLE_MODULES = YES;
				CLANG_ENABLE_OBJC_ARC = YES;
				CLANG_WARN_BOOL_CONVERSION = YES;
				CLANG_WARN_CONSTANT_CONVERSION = YES;
				CLANG_WARN_DIRECT_OBJC_ISA_USAGE = YES_ERROR;
				CLANG_WARN_DOCUMENTATION_COMMENTS = YES;
				CLANG_WARN_EMPTY_BODY = YES;
				CLANG_WARN_ENUM_CONVERSION = YES;
				CLANG_WARN_INFINITE_RECURSION = YES;
				CLANG_WARN_INT_CONVERSION = YES;
				CLANG_WARN_OBJC_ROOT_CLASS = YES_ERROR;
				CLANG_WARN_SUSPICIOUS_MOVES = YES;
				CLANG_WARN_UNREACHABLE_CODE = YES;
				CLANG_WARN__DUPLICATE_METHOD_MATCH = YES;
				"CODE_SIGN_IDENTITY[sdk=iphoneos*]" = "iPhone Developer";
				COPY_PHASE_STRIP = NO;
				DEBUG_INFORMATION_FORMAT = dwarf;
				ENABLE_STRICT_OBJC_MSGSEND = YES;
				ENABLE_TESTABILITY = YES;
				GCC_C_LANGUAGE_STANDARD = gnu99;
				GCC_DYNAMIC_NO_PIC = NO;
				GCC_NO_COMMON_BLOCKS = YES;
				GCC_OPTIMIZATION_LEVEL = 0;
				GCC_PREPROCESSOR_DEFINITIONS = (
					"DEBUG=1",
					"$(inherited)",
				);
				GCC_WARN_64_TO_32_BIT_CONVERSION = YES;
				GCC_WARN_ABOUT_RETURN_TYPE = YES_ERROR;
				GCC_WARN_UNDECLARED_SELECTOR = YES;
				GCC_WARN_UNINITIALIZED_AUTOS = YES_AGGRESSIVE;
				GCC_WARN_UNUSED_FUNCTION = YES;
				GCC_WARN_UNUSED_VARIABLE = YES;
				IPHONEOS_DEPLOYMENT_TARGET = 10.0;
				MTL_ENABLE_DEBUG_INFO = YES;
				ONLY_ACTIVE_ARCH = YES;
				SDKROOT = iphoneos;
				SWIFT_ACTIVE_COMPILATION_CONDITIONS = DEBUG;
				SWIFT_OPTIMIZATION_LEVEL = "-Onone";
				TARGETED_DEVICE_FAMILY = "1,2";
			};
			name = Debug;
		};
		9D42850A1D89FCD4000E4C55 /* Release */ = {
			isa = XCBuildConfiguration;
			buildSettings = {
				ALWAYS_SEARCH_USER_PATHS = NO;
				CLANG_ANALYZER_NONNULL = YES;
				CLANG_CXX_LANGUAGE_STANDARD = "gnu++0x";
				CLANG_CXX_LIBRARY = "libc++";
				CLANG_ENABLE_MODULES = YES;
				CLANG_ENABLE_OBJC_ARC = YES;
				CLANG_WARN_BOOL_CONVERSION = YES;
				CLANG_WARN_CONSTANT_CONVERSION = YES;
				CLANG_WARN_DIRECT_OBJC_ISA_USAGE = YES_ERROR;
				CLANG_WARN_DOCUMENTATION_COMMENTS = YES;
				CLANG_WARN_EMPTY_BODY = YES;
				CLANG_WARN_ENUM_CONVERSION = YES;
				CLANG_WARN_INFINITE_RECURSION = YES;
				CLANG_WARN_INT_CONVERSION = YES;
				CLANG_WARN_OBJC_ROOT_CLASS = YES_ERROR;
				CLANG_WARN_SUSPICIOUS_MOVES = YES;
				CLANG_WARN_UNREACHABLE_CODE = YES;
				CLANG_WARN__DUPLICATE_METHOD_MATCH = YES;
				"CODE_SIGN_IDENTITY[sdk=iphoneos*]" = "iPhone Developer";
				COPY_PHASE_STRIP = NO;
				DEBUG_INFORMATION_FORMAT = "dwarf-with-dsym";
				ENABLE_NS_ASSERTIONS = NO;
				ENABLE_STRICT_OBJC_MSGSEND = YES;
				GCC_C_LANGUAGE_STANDARD = gnu99;
				GCC_NO_COMMON_BLOCKS = YES;
				GCC_WARN_64_TO_32_BIT_CONVERSION = YES;
				GCC_WARN_ABOUT_RETURN_TYPE = YES_ERROR;
				GCC_WARN_UNDECLARED_SELECTOR = YES;
				GCC_WARN_UNINITIALIZED_AUTOS = YES_AGGRESSIVE;
				GCC_WARN_UNUSED_FUNCTION = YES;
				GCC_WARN_UNUSED_VARIABLE = YES;
				IPHONEOS_DEPLOYMENT_TARGET = 10.0;
				MTL_ENABLE_DEBUG_INFO = NO;
				SDKROOT = iphoneos;
				SWIFT_OPTIMIZATION_LEVEL = "-Owholemodule";
				TARGETED_DEVICE_FAMILY = "1,2";
				VALIDATE_PRODUCT = YES;
			};
			name = Release;
		};
		9D42850C1D89FCD4000E4C55 /* Debug */ = {
			isa = XCBuildConfiguration;
			buildSettings = {
				ASSETCATALOG_COMPILER_APPICON_NAME = AppIcon;
				INFOPLIST_FILE = SampleBit/Info.plist;
				LD_RUNPATH_SEARCH_PATHS = "$(inherited) @executable_path/Frameworks";
				PRODUCT_BUNDLE_IDENTIFIER = com.fitbit.SampleBit;
				PRODUCT_NAME = "$(TARGET_NAME)";
				SWIFT_VERSION = 3.0;
			};
			name = Debug;
		};
		9D42850D1D89FCD4000E4C55 /* Release */ = {
			isa = XCBuildConfiguration;
			buildSettings = {
				ASSETCATALOG_COMPILER_APPICON_NAME = AppIcon;
				INFOPLIST_FILE = SampleBit/Info.plist;
				LD_RUNPATH_SEARCH_PATHS = "$(inherited) @executable_path/Frameworks";
				PRODUCT_BUNDLE_IDENTIFIER = com.fitbit.SampleBit;
				PRODUCT_NAME = "$(TARGET_NAME)";
				SWIFT_VERSION = 3.0;
			};
			name = Release;
		};
		9D42850F1D89FCD4000E4C55 /* Debug */ = {
			isa = XCBuildConfiguration;
			buildSettings = {
				ALWAYS_EMBED_SWIFT_STANDARD_LIBRARIES = YES;
				BUNDLE_LOADER = "$(TEST_HOST)";
				INFOPLIST_FILE = SampleBitTests/Info.plist;
				LD_RUNPATH_SEARCH_PATHS = "$(inherited) @executable_path/Frameworks @loader_path/Frameworks";
				PRODUCT_BUNDLE_IDENTIFIER = com.smbarne.SampleBitTests;
				PRODUCT_NAME = "$(TARGET_NAME)";
				SWIFT_VERSION = 3.0;
				TEST_HOST = "$(BUILT_PRODUCTS_DIR)/SampleBit.app/SampleBit";
			};
			name = Debug;
		};
		9D4285101D89FCD4000E4C55 /* Release */ = {
			isa = XCBuildConfiguration;
			buildSettings = {
				ALWAYS_EMBED_SWIFT_STANDARD_LIBRARIES = YES;
				BUNDLE_LOADER = "$(TEST_HOST)";
				INFOPLIST_FILE = SampleBitTests/Info.plist;
				LD_RUNPATH_SEARCH_PATHS = "$(inherited) @executable_path/Frameworks @loader_path/Frameworks";
				PRODUCT_BUNDLE_IDENTIFIER = com.smbarne.SampleBitTests;
				PRODUCT_NAME = "$(TARGET_NAME)";
				SWIFT_VERSION = 3.0;
				TEST_HOST = "$(BUILT_PRODUCTS_DIR)/SampleBit.app/SampleBit";
			};
			name = Release;
		};
/* End XCBuildConfiguration section */

/* Begin XCConfigurationList section */
		9D4284E61D89FCD4000E4C55 /* Build configuration list for PBXProject "SampleBit" */ = {
			isa = XCConfigurationList;
			buildConfigurations = (
				9D4285091D89FCD4000E4C55 /* Debug */,
				9D42850A1D89FCD4000E4C55 /* Release */,
			);
			defaultConfigurationIsVisible = 0;
			defaultConfigurationName = Release;
		};
		9D42850B1D89FCD4000E4C55 /* Build configuration list for PBXNativeTarget "SampleBit" */ = {
			isa = XCConfigurationList;
			buildConfigurations = (
				9D42850C1D89FCD4000E4C55 /* Debug */,
				9D42850D1D89FCD4000E4C55 /* Release */,
			);
			defaultConfigurationIsVisible = 0;
			defaultConfigurationName = Release;
		};
		9D42850E1D89FCD4000E4C55 /* Build configuration list for PBXNativeTarget "SampleBitTests" */ = {
			isa = XCConfigurationList;
			buildConfigurations = (
				9D42850F1D89FCD4000E4C55 /* Debug */,
				9D4285101D89FCD4000E4C55 /* Release */,
			);
			defaultConfigurationIsVisible = 0;
			defaultConfigurationName = Release;
		};
/* End XCConfigurationList section */
	};
	rootObject = 9D4284E31D89FCD4000E4C55 /* Project object */;
}
